// !$*UTF8*$!
{
	archiveVersion = 1;
	classes = {
	};
	objectVersion = 56;
	objects = {

/* Begin PBXBuildFile section */
		3411BA9A2B0AE8F200CA7C6A /* RestaurantsApp.swift in Sources */ = {isa = PBXBuildFile; fileRef = 3411BA992B0AE8F200CA7C6A /* RestaurantsApp.swift */; };
		3411BA9C2B0AE8F200CA7C6A /* ContentView.swift in Sources */ = {isa = PBXBuildFile; fileRef = 3411BA9B2B0AE8F200CA7C6A /* ContentView.swift */; };
		3411BA9E2B0AE8F300CA7C6A /* Assets.xcassets in Resources */ = {isa = PBXBuildFile; fileRef = 3411BA9D2B0AE8F300CA7C6A /* Assets.xcassets */; };
		3411BAA12B0AE8F300CA7C6A /* Preview Assets.xcassets in Resources */ = {isa = PBXBuildFile; fileRef = 3411BAA02B0AE8F300CA7C6A /* Preview Assets.xcassets */; };
		3411BAAC2B0AEB2300CA7C6A /* RestaurantList.swift in Sources */ = {isa = PBXBuildFile; fileRef = 3411BAAB2B0AEB2300CA7C6A /* RestaurantList.swift */; };
		3411BAB32B0B088600CA7C6A /* restaurantData.json in Resources */ = {isa = PBXBuildFile; fileRef = 3411BAB22B0B088600CA7C6A /* restaurantData.json */; };
		3411BAB52B0B08CE00CA7C6A /* Restaurant.swift in Sources */ = {isa = PBXBuildFile; fileRef = 3411BAB42B0B08CE00CA7C6A /* Restaurant.swift */; };
		3411BAB72B0B0B3400CA7C6A /* ModelData.swift in Sources */ = {isa = PBXBuildFile; fileRef = 3411BAB62B0B0B3400CA7C6A /* ModelData.swift */; };
		3411BAB92B0B0BAC00CA7C6A /* RestaurantRow.swift in Sources */ = {isa = PBXBuildFile; fileRef = 3411BAB82B0B0BAC00CA7C6A /* RestaurantRow.swift */; };
		3411BABF2B0B218D00CA7C6A /* RestaurantDetail.swift in Sources */ = {isa = PBXBuildFile; fileRef = 3411BABE2B0B218D00CA7C6A /* RestaurantDetail.swift */; };
		3411BAC12B0B25AC00CA7C6A /* RestaurantImage.swift in Sources */ = {isa = PBXBuildFile; fileRef = 3411BAC02B0B25AC00CA7C6A /* RestaurantImage.swift */; };
/* End PBXBuildFile section */

/* Begin PBXFileReference section */
		3411BA962B0AE8F200CA7C6A /* Restaurants.app */ = {isa = PBXFileReference; explicitFileType = wrapper.application; includeInIndex = 0; path = Restaurants.app; sourceTree = BUILT_PRODUCTS_DIR; };
		3411BA992B0AE8F200CA7C6A /* RestaurantsApp.swift */ = {isa = PBXFileReference; lastKnownFileType = sourcecode.swift; path = RestaurantsApp.swift; sourceTree = "<group>"; };
		3411BA9B2B0AE8F200CA7C6A /* ContentView.swift */ = {isa = PBXFileReference; lastKnownFileType = sourcecode.swift; path = ContentView.swift; sourceTree = "<group>"; };
		3411BA9D2B0AE8F300CA7C6A /* Assets.xcassets */ = {isa = PBXFileReference; lastKnownFileType = folder.assetcatalog; path = Assets.xcassets; sourceTree = "<group>"; };
		3411BAA02B0AE8F300CA7C6A /* Preview Assets.xcassets */ = {isa = PBXFileReference; lastKnownFileType = folder.assetcatalog; path = "Preview Assets.xcassets"; sourceTree = "<group>"; };
		3411BAAB2B0AEB2300CA7C6A /* RestaurantList.swift */ = {isa = PBXFileReference; lastKnownFileType = sourcecode.swift; path = RestaurantList.swift; sourceTree = "<group>"; };
		3411BAB22B0B088600CA7C6A /* restaurantData.json */ = {isa = PBXFileReference; fileEncoding = 4; lastKnownFileType = text.json; path = restaurantData.json; sourceTree = "<group>"; };
		3411BAB42B0B08CE00CA7C6A /* Restaurant.swift */ = {isa = PBXFileReference; lastKnownFileType = sourcecode.swift; path = Restaurant.swift; sourceTree = "<group>"; };
		3411BAB62B0B0B3400CA7C6A /* ModelData.swift */ = {isa = PBXFileReference; lastKnownFileType = sourcecode.swift; path = ModelData.swift; sourceTree = "<group>"; };
		3411BAB82B0B0BAC00CA7C6A /* RestaurantRow.swift */ = {isa = PBXFileReference; lastKnownFileType = sourcecode.swift; path = RestaurantRow.swift; sourceTree = "<group>"; };
		3411BABE2B0B218D00CA7C6A /* RestaurantDetail.swift */ = {isa = PBXFileReference; lastKnownFileType = sourcecode.swift; path = RestaurantDetail.swift; sourceTree = "<group>"; };
		3411BAC02B0B25AC00CA7C6A /* RestaurantImage.swift */ = {isa = PBXFileReference; lastKnownFileType = sourcecode.swift; path = RestaurantImage.swift; sourceTree = "<group>"; };
/* End PBXFileReference section */

/* Begin PBXFrameworksBuildPhase section */
		3411BA932B0AE8F200CA7C6A /* Frameworks */ = {
			isa = PBXFrameworksBuildPhase;
			buildActionMask = 2147483647;
			files = (
			);
			runOnlyForDeploymentPostprocessing = 0;
		};
/* End PBXFrameworksBuildPhase section */

/* Begin PBXGroup section */
		3411BA8D2B0AE8F200CA7C6A = {
			isa = PBXGroup;
			children = (
				3411BA982B0AE8F200CA7C6A /* Restaurants */,
				3411BA972B0AE8F200CA7C6A /* Products */,
			);
			sourceTree = "<group>";
		};
		3411BA972B0AE8F200CA7C6A /* Products */ = {
			isa = PBXGroup;
			children = (
				3411BA962B0AE8F200CA7C6A /* Restaurants.app */,
			);
			name = Products;
			sourceTree = "<group>";
		};
		3411BA982B0AE8F200CA7C6A /* Restaurants */ = {
			isa = PBXGroup;
			children = (
				3411BA992B0AE8F200CA7C6A /* RestaurantsApp.swift */,
				3411BAA92B0AE9AC00CA7C6A /* Views */,
				3411BAA82B0AE9A000CA7C6A /* Model */,
				3411BAA72B0AE99100CA7C6A /* Resources */,
				3411BA9D2B0AE8F300CA7C6A /* Assets.xcassets */,
				3411BA9F2B0AE8F300CA7C6A /* Preview Content */,
			);
			path = Restaurants;
			sourceTree = "<group>";
		};
		3411BA9F2B0AE8F300CA7C6A /* Preview Content */ = {
			isa = PBXGroup;
			children = (
				3411BAA02B0AE8F300CA7C6A /* Preview Assets.xcassets */,
			);
			path = "Preview Content";
			sourceTree = "<group>";
		};
		3411BAA72B0AE99100CA7C6A /* Resources */ = {
			isa = PBXGroup;
			children = (
				3411BAB22B0B088600CA7C6A /* restaurantData.json */,
			);
			path = Resources;
			sourceTree = "<group>";
		};
		3411BAA82B0AE9A000CA7C6A /* Model */ = {
			isa = PBXGroup;
			children = (
				3411BAB42B0B08CE00CA7C6A /* Restaurant.swift */,
				3411BAB62B0B0B3400CA7C6A /* ModelData.swift */,
			);
			path = Model;
			sourceTree = "<group>";
		};
		3411BAA92B0AE9AC00CA7C6A /* Views */ = {
			isa = PBXGroup;
			children = (
				3411BA9B2B0AE8F200CA7C6A /* ContentView.swift */,
				3411BAAD2B0AEECE00CA7C6A /* Helper */,
				3411BAAA2B0AEAE800CA7C6A /* Restaurants */,
			);
			path = Views;
			sourceTree = "<group>";
		};
		3411BAAA2B0AEAE800CA7C6A /* Restaurants */ = {
			isa = PBXGroup;
			children = (
				3411BAAB2B0AEB2300CA7C6A /* RestaurantList.swift */,
				3411BAB82B0B0BAC00CA7C6A /* RestaurantRow.swift */,
				3411BABE2B0B218D00CA7C6A /* RestaurantDetail.swift */,
			);
			path = Restaurants;
			sourceTree = "<group>";
		};
		3411BAAD2B0AEECE00CA7C6A /* Helper */ = {
			isa = PBXGroup;
			children = (
				3411BAC02B0B25AC00CA7C6A /* RestaurantImage.swift */,
			);
			path = Helper;
			sourceTree = "<group>";
		};
/* End PBXGroup section */

/* Begin PBXNativeTarget section */
		3411BA952B0AE8F200CA7C6A /* Restaurants */ = {
			isa = PBXNativeTarget;
			buildConfigurationList = 3411BAA42B0AE8F300CA7C6A /* Build configuration list for PBXNativeTarget "Restaurants" */;
			buildPhases = (
				3411BA922B0AE8F200CA7C6A /* Sources */,
				3411BA932B0AE8F200CA7C6A /* Frameworks */,
				3411BA942B0AE8F200CA7C6A /* Resources */,
			);
			buildRules = (
			);
			dependencies = (
			);
			name = Restaurants;
			productName = Restaurants;
			productReference = 3411BA962B0AE8F200CA7C6A /* Restaurants.app */;
			productType = "com.apple.product-type.application";
		};
/* End PBXNativeTarget section */

/* Begin PBXProject section */
		3411BA8E2B0AE8F200CA7C6A /* Project object */ = {
			isa = PBXProject;
			attributes = {
				BuildIndependentTargetsInParallel = 1;
				LastSwiftUpdateCheck = 1500;
				LastUpgradeCheck = 1500;
				TargetAttributes = {
					3411BA952B0AE8F200CA7C6A = {
						CreatedOnToolsVersion = 15.0.1;
					};
				};
			};
			buildConfigurationList = 3411BA912B0AE8F200CA7C6A /* Build configuration list for PBXProject "Restaurants" */;
			compatibilityVersion = "Xcode 14.0";
			developmentRegion = en;
			hasScannedForEncodings = 0;
			knownRegions = (
				en,
				Base,
			);
			mainGroup = 3411BA8D2B0AE8F200CA7C6A;
			productRefGroup = 3411BA972B0AE8F200CA7C6A /* Products */;
			projectDirPath = "";
			projectRoot = "";
			targets = (
				3411BA952B0AE8F200CA7C6A /* Restaurants */,
			);
		};
/* End PBXProject section */

/* Begin PBXResourcesBuildPhase section */
		3411BA942B0AE8F200CA7C6A /* Resources */ = {
			isa = PBXResourcesBuildPhase;
			buildActionMask = 2147483647;
			files = (
				3411BAB32B0B088600CA7C6A /* restaurantData.json in Resources */,
				3411BAA12B0AE8F300CA7C6A /* Preview Assets.xcassets in Resources */,
				3411BA9E2B0AE8F300CA7C6A /* Assets.xcassets in Resources */,
			);
			runOnlyForDeploymentPostprocessing = 0;
		};
/* End PBXResourcesBuildPhase section */

/* Begin PBXSourcesBuildPhase section */
		3411BA922B0AE8F200CA7C6A /* Sources */ = {
			isa = PBXSourcesBuildPhase;
			buildActionMask = 2147483647;
			files = (
				3411BAB52B0B08CE00CA7C6A /* Restaurant.swift in Sources */,
				3411BAAC2B0AEB2300CA7C6A /* RestaurantList.swift in Sources */,
				3411BA9C2B0AE8F200CA7C6A /* ContentView.swift in Sources */,
				3411BA9A2B0AE8F200CA7C6A /* RestaurantsApp.swift in Sources */,
				3411BABF2B0B218D00CA7C6A /* RestaurantDetail.swift in Sources */,
				3411BAB92B0B0BAC00CA7C6A /* RestaurantRow.swift in Sources */,
				3411BAB72B0B0B3400CA7C6A /* ModelData.swift in Sources */,
				3411BAC12B0B25AC00CA7C6A /* RestaurantImage.swift in Sources */,
			);
			runOnlyForDeploymentPostprocessing = 0;
		};
/* End PBXSourcesBuildPhase section */

/* Begin XCBuildConfiguration section */
		3411BAA22B0AE8F300CA7C6A /* Debug */ = {
			isa = XCBuildConfiguration;
			buildSettings = {
				ALWAYS_SEARCH_USER_PATHS = NO;
				ASSETCATALOG_COMPILER_GENERATE_SWIFT_ASSET_SYMBOL_EXTENSIONS = YES;
				CLANG_ANALYZER_NONNULL = YES;
				CLANG_ANALYZER_NUMBER_OBJECT_CONVERSION = YES_AGGRESSIVE;
				CLANG_CXX_LANGUAGE_STANDARD = "gnu++20";
				CLANG_ENABLE_MODULES = YES;
				CLANG_ENABLE_OBJC_ARC = YES;
				CLANG_ENABLE_OBJC_WEAK = YES;
				CLANG_WARN_BLOCK_CAPTURE_AUTORELEASING = YES;
				CLANG_WARN_BOOL_CONVERSION = YES;
				CLANG_WARN_COMMA = YES;
				CLANG_WARN_CONSTANT_CONVERSION = YES;
				CLANG_WARN_DEPRECATED_OBJC_IMPLEMENTATIONS = YES;
				CLANG_WARN_DIRECT_OBJC_ISA_USAGE = YES_ERROR;
				CLANG_WARN_DOCUMENTATION_COMMENTS = YES;
				CLANG_WARN_EMPTY_BODY = YES;
				CLANG_WARN_ENUM_CONVERSION = YES;
				CLANG_WARN_INFINITE_RECURSION = YES;
				CLANG_WARN_INT_CONVERSION = YES;
				CLANG_WARN_NON_LITERAL_NULL_CONVERSION = YES;
				CLANG_WARN_OBJC_IMPLICIT_RETAIN_SELF = YES;
				CLANG_WARN_OBJC_LITERAL_CONVERSION = YES;
				CLANG_WARN_OBJC_ROOT_CLASS = YES_ERROR;
				CLANG_WARN_QUOTED_INCLUDE_IN_FRAMEWORK_HEADER = YES;
				CLANG_WARN_RANGE_LOOP_ANALYSIS = YES;
				CLANG_WARN_STRICT_PROTOTYPES = YES;
				CLANG_WARN_SUSPICIOUS_MOVE = YES;
				CLANG_WARN_UNGUARDED_AVAILABILITY = YES_AGGRESSIVE;
				CLANG_WARN_UNREACHABLE_CODE = YES;
				CLANG_WARN__DUPLICATE_METHOD_MATCH = YES;
				COPY_PHASE_STRIP = NO;
				DEBUG_INFORMATION_FORMAT = dwarf;
				ENABLE_STRICT_OBJC_MSGSEND = YES;
				ENABLE_TESTABILITY = YES;
				ENABLE_USER_SCRIPT_SANDBOXING = YES;
				GCC_C_LANGUAGE_STANDARD = gnu17;
				GCC_DYNAMIC_NO_PIC = NO;
				GCC_NO_COMMON_BLOCKS = YES;
				GCC_OPTIMIZATION_LEVEL = 0;
				GCC_PREPROCESSOR_DEFINITIONS = (
					"DEBUG=1",
					"$(inherited)",
				);
				GCC_WARN_64_TO_32_BIT_CONVERSION = YES;
				GCC_WARN_ABOUT_RETURN_TYPE = YES_ERROR;
				GCC_WARN_UNDECLARED_SELECTOR = YES;
				GCC_WARN_UNINITIALIZED_AUTOS = YES_AGGRESSIVE;
				GCC_WARN_UNUSED_FUNCTION = YES;
				GCC_WARN_UNUSED_VARIABLE = YES;
				IPHONEOS_DEPLOYMENT_TARGET = 17.0;
				LOCALIZATION_PREFERS_STRING_CATALOGS = YES;
				MTL_ENABLE_DEBUG_INFO = INCLUDE_SOURCE;
				MTL_FAST_MATH = YES;
				ONLY_ACTIVE_ARCH = YES;
				SDKROOT = iphoneos;
				SWIFT_ACTIVE_COMPILATION_CONDITIONS = "DEBUG $(inherited)";
				SWIFT_OPTIMIZATION_LEVEL = "-Onone";
			};
			name = Debug;
		};
		3411BAA32B0AE8F300CA7C6A /* Release */ = {
			isa = XCBuildConfiguration;
			buildSettings = {
				ALWAYS_SEARCH_USER_PATHS = NO;
				ASSETCATALOG_COMPILER_GENERATE_SWIFT_ASSET_SYMBOL_EXTENSIONS = YES;
				CLANG_ANALYZER_NONNULL = YES;
				CLANG_ANALYZER_NUMBER_OBJECT_CONVERSION = YES_AGGRESSIVE;
				CLANG_CXX_LANGUAGE_STANDARD = "gnu++20";
				CLANG_ENABLE_MODULES = YES;
				CLANG_ENABLE_OBJC_ARC = YES;
				CLANG_ENABLE_OBJC_WEAK = YES;
				CLANG_WARN_BLOCK_CAPTURE_AUTORELEASING = YES;
				CLANG_WARN_BOOL_CONVERSION = YES;
				CLANG_WARN_COMMA = YES;
				CLANG_WARN_CONSTANT_CONVERSION = YES;
				CLANG_WARN_DEPRECATED_OBJC_IMPLEMENTATIONS = YES;
				CLANG_WARN_DIRECT_OBJC_ISA_USAGE = YES_ERROR;
				CLANG_WARN_DOCUMENTATION_COMMENTS = YES;
				CLANG_WARN_EMPTY_BODY = YES;
				CLANG_WARN_ENUM_CONVERSION = YES;
				CLANG_WARN_INFINITE_RECURSION = YES;
				CLANG_WARN_INT_CONVERSION = YES;
				CLANG_WARN_NON_LITERAL_NULL_CONVERSION = YES;
				CLANG_WARN_OBJC_IMPLICIT_RETAIN_SELF = YES;
				CLANG_WARN_OBJC_LITERAL_CONVERSION = YES;
				CLANG_WARN_OBJC_ROOT_CLASS = YES_ERROR;
				CLANG_WARN_QUOTED_INCLUDE_IN_FRAMEWORK_HEADER = YES;
				CLANG_WARN_RANGE_LOOP_ANALYSIS = YES;
				CLANG_WARN_STRICT_PROTOTYPES = YES;
				CLANG_WARN_SUSPICIOUS_MOVE = YES;
				CLANG_WARN_UNGUARDED_AVAILABILITY = YES_AGGRESSIVE;
				CLANG_WARN_UNREACHABLE_CODE = YES;
				CLANG_WARN__DUPLICATE_METHOD_MATCH = YES;
				COPY_PHASE_STRIP = NO;
				DEBUG_INFORMATION_FORMAT = "dwarf-with-dsym";
				ENABLE_NS_ASSERTIONS = NO;
				ENABLE_STRICT_OBJC_MSGSEND = YES;
				ENABLE_USER_SCRIPT_SANDBOXING = YES;
				GCC_C_LANGUAGE_STANDARD = gnu17;
				GCC_NO_COMMON_BLOCKS = YES;
				GCC_WARN_64_TO_32_BIT_CONVERSION = YES;
				GCC_WARN_ABOUT_RETURN_TYPE = YES_ERROR;
				GCC_WARN_UNDECLARED_SELECTOR = YES;
				GCC_WARN_UNINITIALIZED_AUTOS = YES_AGGRESSIVE;
				GCC_WARN_UNUSED_FUNCTION = YES;
				GCC_WARN_UNUSED_VARIABLE = YES;
				IPHONEOS_DEPLOYMENT_TARGET = 17.0;
				LOCALIZATION_PREFERS_STRING_CATALOGS = YES;
				MTL_ENABLE_DEBUG_INFO = NO;
				MTL_FAST_MATH = YES;
				SDKROOT = iphoneos;
				SWIFT_COMPILATION_MODE = wholemodule;
				VALIDATE_PRODUCT = YES;
			};
			name = Release;
		};
		3411BAA52B0AE8F300CA7C6A /* Debug */ = {
			isa = XCBuildConfiguration;
			buildSettings = {
				ASSETCATALOG_COMPILER_APPICON_NAME = AppIcon;
				ASSETCATALOG_COMPILER_GLOBAL_ACCENT_COLOR_NAME = AccentColor;
				CODE_SIGN_STYLE = Automatic;
				CURRENT_PROJECT_VERSION = 1;
				DEVELOPMENT_ASSET_PATHS = "\"Restaurants/Preview Content\"";
				ENABLE_PREVIEWS = YES;
				GENERATE_INFOPLIST_FILE = YES;
				INFOPLIST_KEY_UIApplicationSceneManifest_Generation = YES;
				INFOPLIST_KEY_UIApplicationSupportsIndirectInputEvents = YES;
				INFOPLIST_KEY_UILaunchScreen_Generation = YES;
				INFOPLIST_KEY_UISupportedInterfaceOrientations_iPad = "UIInterfaceOrientationPortrait UIInterfaceOrientationPortraitUpsideDown UIInterfaceOrientationLandscapeLeft UIInterfaceOrientationLandscapeRight";
				INFOPLIST_KEY_UISupportedInterfaceOrientations_iPhone = "UIInterfaceOrientationPortrait UIInterfaceOrientationLandscapeLeft UIInterfaceOrientationLandscapeRight";
				LD_RUNPATH_SEARCH_PATHS = (
					"$(inherited)",
					"@executable_path/Frameworks",
				);
				MARKETING_VERSION = 1.0;
				PRODUCT_BUNDLE_IDENTIFIER = com.kyoka.Restaurants;
				PRODUCT_NAME = "$(TARGET_NAME)";
				SWIFT_EMIT_LOC_STRINGS = YES;
				SWIFT_VERSION = 5.0;
				TARGETED_DEVICE_FAMILY = "1,2";
			};
			name = Debug;
		};
		3411BAA62B0AE8F300CA7C6A /* Release */ = {
			isa = XCBuildConfiguration;
			buildSettings = {
				ASSETCATALOG_COMPILER_APPICON_NAME = AppIcon;
				ASSETCATALOG_COMPILER_GLOBAL_ACCENT_COLOR_NAME = AccentColor;
				CODE_SIGN_STYLE = Automatic;
				CURRENT_PROJECT_VERSION = 1;
				DEVELOPMENT_ASSET_PATHS = "\"Restaurants/Preview Content\"";
				ENABLE_PREVIEWS = YES;
				GENERATE_INFOPLIST_FILE = YES;
				INFOPLIST_KEY_UIApplicationSceneManifest_Generation = YES;
				INFOPLIST_KEY_UIApplicationSupportsIndirectInputEvents = YES;
				INFOPLIST_KEY_UILaunchScreen_Generation = YES;
				INFOPLIST_KEY_UISupportedInterfaceOrientations_iPad = "UIInterfaceOrientationPortrait UIInterfaceOrientationPortraitUpsideDown UIInterfaceOrientationLandscapeLeft UIInterfaceOrientationLandscapeRight";
				INFOPLIST_KEY_UISupportedInterfaceOrientations_iPhone = "UIInterfaceOrientationPortrait UIInterfaceOrientationLandscapeLeft UIInterfaceOrientationLandscapeRight";
				LD_RUNPATH_SEARCH_PATHS = (
					"$(inherited)",
					"@executable_path/Frameworks",
				);
				MARKETING_VERSION = 1.0;
				PRODUCT_BUNDLE_IDENTIFIER = com.kyoka.Restaurants;
				PRODUCT_NAME = "$(TARGET_NAME)";
				SWIFT_EMIT_LOC_STRINGS = YES;
				SWIFT_VERSION = 5.0;
				TARGETED_DEVICE_FAMILY = "1,2";
			};
			name = Release;
		};
/* End XCBuildConfiguration section */

/* Begin XCConfigurationList section */
		3411BA912B0AE8F200CA7C6A /* Build configuration list for PBXProject "Restaurants" */ = {
			isa = XCConfigurationList;
			buildConfigurations = (
				3411BAA22B0AE8F300CA7C6A /* Debug */,
				3411BAA32B0AE8F300CA7C6A /* Release */,
			);
			defaultConfigurationIsVisible = 0;
			defaultConfigurationName = Release;
		};
		3411BAA42B0AE8F300CA7C6A /* Build configuration list for PBXNativeTarget "Restaurants" */ = {
			isa = XCConfigurationList;
			buildConfigurations = (
				3411BAA52B0AE8F300CA7C6A /* Debug */,
				3411BAA62B0AE8F300CA7C6A /* Release */,
			);
			defaultConfigurationIsVisible = 0;
			defaultConfigurationName = Release;
		};
/* End XCConfigurationList section */
	};
	rootObject = 3411BA8E2B0AE8F200CA7C6A /* Project object */;
}
